# This file is automatically @generated by Cargo.
# It is not intended for manual editing.
version = 4

[[package]]
name = "acsl"
version = "0.0.3"
dependencies = [
 "lct-diagnostics",
 "win32",
]

[[package]]
name = "alexandria"
version = "0.0.3"
dependencies = [
 "acsl",
 "win32",
]

[[package]]
name = "lct-diagnostics"
version = "0.1.0"
source = "git+https://github.com/shipsimfan/lct#b72291ec567494b78f3c547718cd1618df9fb2f2"
dependencies = [
 "lct-sources",
]

[[package]]
name = "lct-sources"
version = "0.1.0"
source = "git+https://github.com/shipsimfan/lct#b72291ec567494b78f3c547718cd1618df9fb2f2"
dependencies = [
 "lct-streams",
]

[[package]]
name = "lct-span"
version = "0.1.0"
source = "git+https://github.com/shipsimfan/lct#b72291ec567494b78f3c547718cd1618df9fb2f2"

[[package]]
name = "lct-streams"
version = "0.1.0"
source = "git+https://github.com/shipsimfan/lct#b72291ec567494b78f3c547718cd1618df9fb2f2"
dependencies = [
 "lct-span",
]

[[package]]
name = "win32"
version = "0.1.0"
source = "git+https://github.com/shipsimfan/lib-win32#47db005477ea6d19126457ad8c83be0f3e63132b"
