# This file is automatically @generated by Cargo.
# It is not intended for manual editing.
version = 4

[[package]]
name = "acsl"
version = "0.0.3"
dependencies = [
 "lct-diagnostics",
 "win32",
]

[[package]]
name = "alexandria"
version = "0.0.3"
dependencies = [
 "acsl",
 "alexandria-macros",
 "win32",
]

[[package]]
name = "alexandria-macros"
version = "0.0.3"
dependencies = [
 "acsl",
 "proc-macro-util",
]

[[package]]
name = "lct-diagnostics"
version = "0.1.0"
source = "git+https://github.com/shipsimfan/lct#b72291ec567494b78f3c547718cd1618df9fb2f2"
dependencies = [
 "lct-sources",
]

[[package]]
name = "lct-sources"
version = "0.1.0"
source = "git+https://github.com/shipsimfan/lct#b72291ec567494b78f3c547718cd1618df9fb2f2"
dependencies = [
 "lct-streams",
]

[[package]]
name = "lct-span"
version = "0.1.0"
source = "git+https://github.com/shipsimfan/lct#b72291ec567494b78f3c547718cd1618df9fb2f2"

[[package]]
name = "lct-streams"
version = "0.1.0"
source = "git+https://github.com/shipsimfan/lct#b72291ec567494b78f3c547718cd1618df9fb2f2"
dependencies = [
 "lct-span",
]

[[package]]
name = "proc-macro-util"
version = "0.1.0"
source = "git+https://github.com/shipsimfan/lib-proc-macro-util#dc8dd4731da64fb9af18c5a7de40e1b8c3686570"
dependencies = [
 "proc-macro-util-base",
 "proc-macro-util-macros",
]

[[package]]
name = "proc-macro-util-base"
version = "0.1.0"
source = "git+https://github.com/shipsimfan/lib-proc-macro-util#dc8dd4731da64fb9af18c5a7de40e1b8c3686570"

[[package]]
name = "proc-macro-util-macros"
version = "0.1.0"
source = "git+https://github.com/shipsimfan/lib-proc-macro-util#dc8dd4731da64fb9af18c5a7de40e1b8c3686570"
dependencies = [
 "proc-macro-util-base",
]

[[package]]
name = "win32"
version = "0.1.0"
source = "git+https://github.com/shipsimfan/lib-win32#f195264580caaef1a10721bb07ef42795d5c7422"
