# This file is automatically @generated by Cargo.
# It is not intended for manual editing.
version = 4

[[package]]
name = "alexandria"
version = "0.0.0"
dependencies = [
 "vulkan",
 "win32",
]

[[package]]
name = "vulkan"
version = "0.1.0"
source = "git+https://github.com/shipsimfan/lib-vulkan#cd22088be960dfc062cd7c7531b6f8f8ca56ac50"

[[package]]
name = "win32"
version = "0.1.0"
source = "git+https://github.com/shipsimfan/lib-win32#84d6017159f78b0e69c64df9e1ea551a3b1fbb75"
